// !$*UTF8*$!
{
	archiveVersion = 1;
	classes = {
	};
	objectVersion = 55;
	objects = {

/* Begin PBXBuildFile section */
		40884911289968380080495E /* Tests_iOS.swift in Sources */ = {isa = PBXBuildFile; fileRef = 40884910289968380080495E /* Tests_iOS.swift */; };
		40884913289968380080495E /* Tests_iOSLaunchTests.swift in Sources */ = {isa = PBXBuildFile; fileRef = 40884912289968380080495E /* Tests_iOSLaunchTests.swift */; };
		4088491D289968380080495E /* Tests_macOS.swift in Sources */ = {isa = PBXBuildFile; fileRef = 4088491C289968380080495E /* Tests_macOS.swift */; };
		4088491F289968380080495E /* Tests_macOSLaunchTests.swift in Sources */ = {isa = PBXBuildFile; fileRef = 4088491E289968380080495E /* Tests_macOSLaunchTests.swift */; };
		40884920289968380080495E /* SwiftUI_Pinch_Pan_Zoom_GestureApp.swift in Sources */ = {isa = PBXBuildFile; fileRef = 408848F8289968380080495E /* SwiftUI_Pinch_Pan_Zoom_GestureApp.swift */; };
		40884921289968380080495E /* SwiftUI_Pinch_Pan_Zoom_GestureApp.swift in Sources */ = {isa = PBXBuildFile; fileRef = 408848F8289968380080495E /* SwiftUI_Pinch_Pan_Zoom_GestureApp.swift */; };
		40884922289968380080495E /* ContentView.swift in Sources */ = {isa = PBXBuildFile; fileRef = 408848F9289968380080495E /* ContentView.swift */; };
		40884923289968380080495E /* ContentView.swift in Sources */ = {isa = PBXBuildFile; fileRef = 408848F9289968380080495E /* ContentView.swift */; };
		408849352899690F0080495E /* Assets.xcassets in Resources */ = {isa = PBXBuildFile; fileRef = 408849342899690F0080495E /* Assets.xcassets */; };
		408849362899690F0080495E /* Assets.xcassets in Resources */ = {isa = PBXBuildFile; fileRef = 408849342899690F0080495E /* Assets.xcassets */; };
		408849392899695F0080495E /* Home.swift in Sources */ = {isa = PBXBuildFile; fileRef = 408849382899695F0080495E /* Home.swift */; };
		4088493A2899695F0080495E /* Home.swift in Sources */ = {isa = PBXBuildFile; fileRef = 408849382899695F0080495E /* Home.swift */; };
/* End PBXBuildFile section */

/* Begin PBXContainerItemProxy section */
		4088490D289968380080495E /* PBXContainerItemProxy */ = {
			isa = PBXContainerItemProxy;
			containerPortal = 408848F3289968370080495E /* Project object */;
			proxyType = 1;
			remoteGlobalIDString = 408848FE289968380080495E;
			remoteInfo = "SwiftUI_Pinch_Pan_Zoom_Gesture (iOS)";
		};
		40884919289968380080495E /* PBXContainerItemProxy */ = {
			isa = PBXContainerItemProxy;
			containerPortal = 408848F3289968370080495E /* Project object */;
			proxyType = 1;
			remoteGlobalIDString = 40884904289968380080495E;
			remoteInfo = "SwiftUI_Pinch_Pan_Zoom_Gesture (macOS)";
		};
/* End PBXContainerItemProxy section */

/* Begin PBXFileReference section */
		408848F8289968380080495E /* SwiftUI_Pinch_Pan_Zoom_GestureApp.swift */ = {isa = PBXFileReference; lastKnownFileType = sourcecode.swift; path = SwiftUI_Pinch_Pan_Zoom_GestureApp.swift; sourceTree = "<group>"; };
		408848F9289968380080495E /* ContentView.swift */ = {isa = PBXFileReference; lastKnownFileType = sourcecode.swift; path = ContentView.swift; sourceTree = "<group>"; };
		408848FF289968380080495E /* SwiftUI_Pinch_Pan_Zoom_Gesture.app */ = {isa = PBXFileReference; explicitFileType = wrapper.application; includeInIndex = 0; path = SwiftUI_Pinch_Pan_Zoom_Gesture.app; sourceTree = BUILT_PRODUCTS_DIR; };
		40884905289968380080495E /* SwiftUI_Pinch_Pan_Zoom_Gesture.app */ = {isa = PBXFileReference; explicitFileType = wrapper.application; includeInIndex = 0; path = SwiftUI_Pinch_Pan_Zoom_Gesture.app; sourceTree = BUILT_PRODUCTS_DIR; };
		40884907289968380080495E /* macOS.entitlements */ = {isa = PBXFileReference; lastKnownFileType = text.plist.entitlements; path = macOS.entitlements; sourceTree = "<group>"; };
		4088490C289968380080495E /* Tests iOS.xctest */ = {isa = PBXFileReference; explicitFileType = wrapper.cfbundle; includeInIndex = 0; path = "Tests iOS.xctest"; sourceTree = BUILT_PRODUCTS_DIR; };
		40884910289968380080495E /* Tests_iOS.swift */ = {isa = PBXFileReference; lastKnownFileType = sourcecode.swift; path = Tests_iOS.swift; sourceTree = "<group>"; };
		40884912289968380080495E /* Tests_iOSLaunchTests.swift */ = {isa = PBXFileReference; lastKnownFileType = sourcecode.swift; path = Tests_iOSLaunchTests.swift; sourceTree = "<group>"; };
		40884918289968380080495E /* Tests macOS.xctest */ = {isa = PBXFileReference; explicitFileType = wrapper.cfbundle; includeInIndex = 0; path = "Tests macOS.xctest"; sourceTree = BUILT_PRODUCTS_DIR; };
		4088491C289968380080495E /* Tests_macOS.swift */ = {isa = PBXFileReference; lastKnownFileType = sourcecode.swift; path = Tests_macOS.swift; sourceTree = "<group>"; };
		4088491E289968380080495E /* Tests_macOSLaunchTests.swift */ = {isa = PBXFileReference; lastKnownFileType = sourcecode.swift; path = Tests_macOSLaunchTests.swift; sourceTree = "<group>"; };
		408849342899690F0080495E /* Assets.xcassets */ = {isa = PBXFileReference; lastKnownFileType = folder.assetcatalog; path = Assets.xcassets; sourceTree = "<group>"; };
		408849382899695F0080495E /* Home.swift */ = {isa = PBXFileReference; lastKnownFileType = sourcecode.swift; path = Home.swift; sourceTree = "<group>"; };
/* End PBXFileReference section */

/* Begin PBXFrameworksBuildPhase section */
		408848FC289968380080495E /* Frameworks */ = {
			isa = PBXFrameworksBuildPhase;
			buildActionMask = 2147483647;
			files = (
			);
			runOnlyForDeploymentPostprocessing = 0;
		};
		40884902289968380080495E /* Frameworks */ = {
			isa = PBXFrameworksBuildPhase;
			buildActionMask = 2147483647;
			files = (
			);
			runOnlyForDeploymentPostprocessing = 0;
		};
		40884909289968380080495E /* Frameworks */ = {
			isa = PBXFrameworksBuildPhase;
			buildActionMask = 2147483647;
			files = (
			);
			runOnlyForDeploymentPostprocessing = 0;
		};
		40884915289968380080495E /* Frameworks */ = {
			isa = PBXFrameworksBuildPhase;
			buildActionMask = 2147483647;
			files = (
			);
			runOnlyForDeploymentPostprocessing = 0;
		};
/* End PBXFrameworksBuildPhase section */

/* Begin PBXGroup section */
		408848F2289968370080495E = {
			isa = PBXGroup;
			children = (
				408848F7289968380080495E /* Shared */,
				40884906289968380080495E /* macOS */,
				4088490F289968380080495E /* Tests iOS */,
				4088491B289968380080495E /* Tests macOS */,
				40884900289968380080495E /* Products */,
			);
			sourceTree = "<group>";
		};
		408848F7289968380080495E /* Shared */ = {
			isa = PBXGroup;
			children = (
				408849372899694D0080495E /* View */,
				408848F8289968380080495E /* SwiftUI_Pinch_Pan_Zoom_GestureApp.swift */,
				408848F9289968380080495E /* ContentView.swift */,
				408849342899690F0080495E /* Assets.xcassets */,
			);
			path = Shared;
			sourceTree = "<group>";
		};
		40884900289968380080495E /* Products */ = {
			isa = PBXGroup;
			children = (
				408848FF289968380080495E /* SwiftUI_Pinch_Pan_Zoom_Gesture.app */,
				40884905289968380080495E /* SwiftUI_Pinch_Pan_Zoom_Gesture.app */,
				4088490C289968380080495E /* Tests iOS.xctest */,
				40884918289968380080495E /* Tests macOS.xctest */,
			);
			name = Products;
			sourceTree = "<group>";
		};
		40884906289968380080495E /* macOS */ = {
			isa = PBXGroup;
			children = (
				40884907289968380080495E /* macOS.entitlements */,
			);
			path = macOS;
			sourceTree = "<group>";
		};
		4088490F289968380080495E /* Tests iOS */ = {
			isa = PBXGroup;
			children = (
				40884910289968380080495E /* Tests_iOS.swift */,
				40884912289968380080495E /* Tests_iOSLaunchTests.swift */,
			);
			path = "Tests iOS";
			sourceTree = "<group>";
		};
		4088491B289968380080495E /* Tests macOS */ = {
			isa = PBXGroup;
			children = (
				4088491C289968380080495E /* Tests_macOS.swift */,
				4088491E289968380080495E /* Tests_macOSLaunchTests.swift */,
			);
			path = "Tests macOS";
			sourceTree = "<group>";
		};
		408849372899694D0080495E /* View */ = {
			isa = PBXGroup;
			children = (
				408849382899695F0080495E /* Home.swift */,
			);
			path = View;
			sourceTree = "<group>";
		};
/* End PBXGroup section */

/* Begin PBXNativeTarget section */
		408848FE289968380080495E /* SwiftUI_Pinch_Pan_Zoom_Gesture (iOS) */ = {
			isa = PBXNativeTarget;
			buildConfigurationList = 40884928289968380080495E /* Build configuration list for PBXNativeTarget "SwiftUI_Pinch_Pan_Zoom_Gesture (iOS)" */;
			buildPhases = (
				408848FB289968380080495E /* Sources */,
				408848FC289968380080495E /* Frameworks */,
				408848FD289968380080495E /* Resources */,
			);
			buildRules = (
			);
			dependencies = (
			);
			name = "SwiftUI_Pinch_Pan_Zoom_Gesture (iOS)";
			productName = "SwiftUI_Pinch_Pan_Zoom_Gesture (iOS)";
			productReference = 408848FF289968380080495E /* SwiftUI_Pinch_Pan_Zoom_Gesture.app */;
			productType = "com.apple.product-type.application";
		};
		40884904289968380080495E /* SwiftUI_Pinch_Pan_Zoom_Gesture (macOS) */ = {
			isa = PBXNativeTarget;
			buildConfigurationList = 4088492B289968380080495E /* Build configuration list for PBXNativeTarget "SwiftUI_Pinch_Pan_Zoom_Gesture (macOS)" */;
			buildPhases = (
				40884901289968380080495E /* Sources */,
				40884902289968380080495E /* Frameworks */,
				40884903289968380080495E /* Resources */,
			);
			buildRules = (
			);
			dependencies = (
			);
			name = "SwiftUI_Pinch_Pan_Zoom_Gesture (macOS)";
			productName = "SwiftUI_Pinch_Pan_Zoom_Gesture (macOS)";
			productReference = 40884905289968380080495E /* SwiftUI_Pinch_Pan_Zoom_Gesture.app */;
			productType = "com.apple.product-type.application";
		};
		4088490B289968380080495E /* Tests iOS */ = {
			isa = PBXNativeTarget;
			buildConfigurationList = 4088492E289968380080495E /* Build configuration list for PBXNativeTarget "Tests iOS" */;
			buildPhases = (
				40884908289968380080495E /* Sources */,
				40884909289968380080495E /* Frameworks */,
				4088490A289968380080495E /* Resources */,
			);
			buildRules = (
			);
			dependencies = (
				4088490E289968380080495E /* PBXTargetDependency */,
			);
			name = "Tests iOS";
			productName = "Tests iOS";
			productReference = 4088490C289968380080495E /* Tests iOS.xctest */;
			productType = "com.apple.product-type.bundle.ui-testing";
		};
		40884917289968380080495E /* Tests macOS */ = {
			isa = PBXNativeTarget;
			buildConfigurationList = 40884931289968380080495E /* Build configuration list for PBXNativeTarget "Tests macOS" */;
			buildPhases = (
				40884914289968380080495E /* Sources */,
				40884915289968380080495E /* Frameworks */,
				40884916289968380080495E /* Resources */,
			);
			buildRules = (
			);
			dependencies = (
				4088491A289968380080495E /* PBXTargetDependency */,
			);
			name = "Tests macOS";
			productName = "Tests macOS";
			productReference = 40884918289968380080495E /* Tests macOS.xctest */;
			productType = "com.apple.product-type.bundle.ui-testing";
		};
/* End PBXNativeTarget section */

/* Begin PBXProject section */
		408848F3289968370080495E /* Project object */ = {
			isa = PBXProject;
			attributes = {
				BuildIndependentTargetsInParallel = 1;
				LastSwiftUpdateCheck = 1310;
				LastUpgradeCheck = 1310;
				TargetAttributes = {
					408848FE289968380080495E = {
						CreatedOnToolsVersion = 13.1;
					};
					40884904289968380080495E = {
						CreatedOnToolsVersion = 13.1;
					};
					4088490B289968380080495E = {
						CreatedOnToolsVersion = 13.1;
						TestTargetID = 408848FE289968380080495E;
					};
					40884917289968380080495E = {
						CreatedOnToolsVersion = 13.1;
						TestTargetID = 40884904289968380080495E;
					};
				};
			};
			buildConfigurationList = 408848F6289968370080495E /* Build configuration list for PBXProject "SwiftUI_Pinch_Pan_Zoom_Gesture" */;
			compatibilityVersion = "Xcode 13.0";
			developmentRegion = en;
			hasScannedForEncodings = 0;
			knownRegions = (
				en,
				Base,
			);
			mainGroup = 408848F2289968370080495E;
			productRefGroup = 40884900289968380080495E /* Products */;
			projectDirPath = "";
			projectRoot = "";
			targets = (
				408848FE289968380080495E /* SwiftUI_Pinch_Pan_Zoom_Gesture (iOS) */,
				40884904289968380080495E /* SwiftUI_Pinch_Pan_Zoom_Gesture (macOS) */,
				4088490B289968380080495E /* Tests iOS */,
				40884917289968380080495E /* Tests macOS */,
			);
		};
/* End PBXProject section */

/* Begin PBXResourcesBuildPhase section */
		408848FD289968380080495E /* Resources */ = {
			isa = PBXResourcesBuildPhase;
			buildActionMask = 2147483647;
			files = (
				408849352899690F0080495E /* Assets.xcassets in Resources */,
			);
			runOnlyForDeploymentPostprocessing = 0;
		};
		40884903289968380080495E /* Resources */ = {
			isa = PBXResourcesBuildPhase;
			buildActionMask = 2147483647;
			files = (
				408849362899690F0080495E /* Assets.xcassets in Resources */,
			);
			runOnlyForDeploymentPostprocessing = 0;
		};
		4088490A289968380080495E /* Resources */ = {
			isa = PBXResourcesBuildPhase;
			buildActionMask = 2147483647;
			files = (
			);
			runOnlyForDeploymentPostprocessing = 0;
		};
		40884916289968380080495E /* Resources */ = {
			isa = PBXResourcesBuildPhase;
			buildActionMask = 2147483647;
			files = (
			);
			runOnlyForDeploymentPostprocessing = 0;
		};
/* End PBXResourcesBuildPhase section */

/* Begin PBXSourcesBuildPhase section */
		408848FB289968380080495E /* Sources */ = {
			isa = PBXSourcesBuildPhase;
			buildActionMask = 2147483647;
			files = (
				40884922289968380080495E /* ContentView.swift in Sources */,
				408849392899695F0080495E /* Home.swift in Sources */,
				40884920289968380080495E /* SwiftUI_Pinch_Pan_Zoom_GestureApp.swift in Sources */,
			);
			runOnlyForDeploymentPostprocessing = 0;
		};
		40884901289968380080495E /* Sources */ = {
			isa = PBXSourcesBuildPhase;
			buildActionMask = 2147483647;
			files = (
				40884923289968380080495E /* ContentView.swift in Sources */,
				4088493A2899695F0080495E /* Home.swift in Sources */,
				40884921289968380080495E /* SwiftUI_Pinch_Pan_Zoom_GestureApp.swift in Sources */,
			);
			runOnlyForDeploymentPostprocessing = 0;
		};
		40884908289968380080495E /* Sources */ = {
			isa = PBXSourcesBuildPhase;
			buildActionMask = 2147483647;
			files = (
				40884913289968380080495E /* Tests_iOSLaunchTests.swift in Sources */,
				40884911289968380080495E /* Tests_iOS.swift in Sources */,
			);
			runOnlyForDeploymentPostprocessing = 0;
		};
		40884914289968380080495E /* Sources */ = {
			isa = PBXSourcesBuildPhase;
			buildActionMask = 2147483647;
			files = (
				4088491F289968380080495E /* Tests_macOSLaunchTests.swift in Sources */,
				4088491D289968380080495E /* Tests_macOS.swift in Sources */,
			);
			runOnlyForDeploymentPostprocessing = 0;
		};
/* End PBXSourcesBuildPhase section */

/* Begin PBXTargetDependency section */
		4088490E289968380080495E /* PBXTargetDependency */ = {
			isa = PBXTargetDependency;
			target = 408848FE289968380080495E /* SwiftUI_Pinch_Pan_Zoom_Gesture (iOS) */;
			targetProxy = 4088490D289968380080495E /* PBXContainerItemProxy */;
		};
		4088491A289968380080495E /* PBXTargetDependency */ = {
			isa = PBXTargetDependency;
			target = 40884904289968380080495E /* SwiftUI_Pinch_Pan_Zoom_Gesture (macOS) */;
			targetProxy = 40884919289968380080495E /* PBXContainerItemProxy */;
		};
/* End PBXTargetDependency section */

/* Begin XCBuildConfiguration section */
		40884926289968380080495E /* Debug */ = {
			isa = XCBuildConfiguration;
			buildSettings = {
				ALWAYS_SEARCH_USER_PATHS = NO;
				CLANG_ANALYZER_NONNULL = YES;
				CLANG_ANALYZER_NUMBER_OBJECT_CONVERSION = YES_AGGRESSIVE;
				CLANG_CXX_LANGUAGE_STANDARD = "gnu++17";
				CLANG_CXX_LIBRARY = "libc++";
				CLANG_ENABLE_MODULES = YES;
				CLANG_ENABLE_OBJC_ARC = YES;
				CLANG_ENABLE_OBJC_WEAK = YES;
				CLANG_WARN_BLOCK_CAPTURE_AUTORELEASING = YES;
				CLANG_WARN_BOOL_CONVERSION = YES;
				CLANG_WARN_COMMA = YES;
				CLANG_WARN_CONSTANT_CONVERSION = YES;
				CLANG_WARN_DEPRECATED_OBJC_IMPLEMENTATIONS = YES;
				CLANG_WARN_DIRECT_OBJC_ISA_USAGE = YES_ERROR;
				CLANG_WARN_DOCUMENTATION_COMMENTS = YES;
				CLANG_WARN_EMPTY_BODY = YES;
				CLANG_WARN_ENUM_CONVERSION = YES;
				CLANG_WARN_INFINITE_RECURSION = YES;
				CLANG_WARN_INT_CONVERSION = YES;
				CLANG_WARN_NON_LITERAL_NULL_CONVERSION = YES;
				CLANG_WARN_OBJC_IMPLICIT_RETAIN_SELF = YES;
				CLANG_WARN_OBJC_LITERAL_CONVERSION = YES;
				CLANG_WARN_OBJC_ROOT_CLASS = YES_ERROR;
				CLANG_WARN_QUOTED_INCLUDE_IN_FRAMEWORK_HEADER = YES;
				CLANG_WARN_RANGE_LOOP_ANALYSIS = YES;
				CLANG_WARN_STRICT_PROTOTYPES = YES;
				CLANG_WARN_SUSPICIOUS_MOVE = YES;
				CLANG_WARN_UNGUARDED_AVAILABILITY = YES_AGGRESSIVE;
				CLANG_WARN_UNREACHABLE_CODE = YES;
				CLANG_WARN__DUPLICATE_METHOD_MATCH = YES;
				COPY_PHASE_STRIP = NO;
				DEBUG_INFORMATION_FORMAT = dwarf;
				ENABLE_STRICT_OBJC_MSGSEND = YES;
				ENABLE_TESTABILITY = YES;
				GCC_C_LANGUAGE_STANDARD = gnu11;
				GCC_DYNAMIC_NO_PIC = NO;
				GCC_NO_COMMON_BLOCKS = YES;
				GCC_OPTIMIZATION_LEVEL = 0;
				GCC_PREPROCESSOR_DEFINITIONS = (
					"DEBUG=1",
					"$(inherited)",
				);
				GCC_WARN_64_TO_32_BIT_CONVERSION = YES;
				GCC_WARN_ABOUT_RETURN_TYPE = YES_ERROR;
				GCC_WARN_UNDECLARED_SELECTOR = YES;
				GCC_WARN_UNINITIALIZED_AUTOS = YES_AGGRESSIVE;
				GCC_WARN_UNUSED_FUNCTION = YES;
				GCC_WARN_UNUSED_VARIABLE = YES;
				MTL_ENABLE_DEBUG_INFO = INCLUDE_SOURCE;
				MTL_FAST_MATH = YES;
				ONLY_ACTIVE_ARCH = YES;
				SWIFT_ACTIVE_COMPILATION_CONDITIONS = DEBUG;
				SWIFT_OPTIMIZATION_LEVEL = "-Onone";
			};
			name = Debug;
		};
		40884927289968380080495E /* Release */ = {
			isa = XCBuildConfiguration;
			buildSettings = {
				ALWAYS_SEARCH_USER_PATHS = NO;
				CLANG_ANALYZER_NONNULL = YES;
				CLANG_ANALYZER_NUMBER_OBJECT_CONVERSION = YES_AGGRESSIVE;
				CLANG_CXX_LANGUAGE_STANDARD = "gnu++17";
				CLANG_CXX_LIBRARY = "libc++";
				CLANG_ENABLE_MODULES = YES;
				CLANG_ENABLE_OBJC_ARC = YES;
				CLANG_ENABLE_OBJC_WEAK = YES;
				CLANG_WARN_BLOCK_CAPTURE_AUTORELEASING = YES;
				CLANG_WARN_BOOL_CONVERSION = YES;
				CLANG_WARN_COMMA = YES;
				CLANG_WARN_CONSTANT_CONVERSION = YES;
				CLANG_WARN_DEPRECATED_OBJC_IMPLEMENTATIONS = YES;
				CLANG_WARN_DIRECT_OBJC_ISA_USAGE = YES_ERROR;
				CLANG_WARN_DOCUMENTATION_COMMENTS = YES;
				CLANG_WARN_EMPTY_BODY = YES;
				CLANG_WARN_ENUM_CONVERSION = YES;
				CLANG_WARN_INFINITE_RECURSION = YES;
				CLANG_WARN_INT_CONVERSION = YES;
				CLANG_WARN_NON_LITERAL_NULL_CONVERSION = YES;
				CLANG_WARN_OBJC_IMPLICIT_RETAIN_SELF = YES;
				CLANG_WARN_OBJC_LITERAL_CONVERSION = YES;
				CLANG_WARN_OBJC_ROOT_CLASS = YES_ERROR;
				CLANG_WARN_QUOTED_INCLUDE_IN_FRAMEWORK_HEADER = YES;
				CLANG_WARN_RANGE_LOOP_ANALYSIS = YES;
				CLANG_WARN_STRICT_PROTOTYPES = YES;
				CLANG_WARN_SUSPICIOUS_MOVE = YES;
				CLANG_WARN_UNGUARDED_AVAILABILITY = YES_AGGRESSIVE;
				CLANG_WARN_UNREACHABLE_CODE = YES;
				CLANG_WARN__DUPLICATE_METHOD_MATCH = YES;
				COPY_PHASE_STRIP = NO;
				DEBUG_INFORMATION_FORMAT = "dwarf-with-dsym";
				ENABLE_NS_ASSERTIONS = NO;
				ENABLE_STRICT_OBJC_MSGSEND = YES;
				GCC_C_LANGUAGE_STANDARD = gnu11;
				GCC_NO_COMMON_BLOCKS = YES;
				GCC_WARN_64_TO_32_BIT_CONVERSION = YES;
				GCC_WARN_ABOUT_RETURN_TYPE = YES_ERROR;
				GCC_WARN_UNDECLARED_SELECTOR = YES;
				GCC_WARN_UNINITIALIZED_AUTOS = YES_AGGRESSIVE;
				GCC_WARN_UNUSED_FUNCTION = YES;
				GCC_WARN_UNUSED_VARIABLE = YES;
				MTL_ENABLE_DEBUG_INFO = NO;
				MTL_FAST_MATH = YES;
				SWIFT_COMPILATION_MODE = wholemodule;
				SWIFT_OPTIMIZATION_LEVEL = "-O";
			};
			name = Release;
		};
		40884929289968380080495E /* Debug */ = {
			isa = XCBuildConfiguration;
			buildSettings = {
				ASSETCATALOG_COMPILER_APPICON_NAME = AppIcon;
				ASSETCATALOG_COMPILER_GLOBAL_ACCENT_COLOR_NAME = AccentColor;
				CODE_SIGN_STYLE = Automatic;
				CURRENT_PROJECT_VERSION = 1;
				DEVELOPMENT_TEAM = FRBYK4548E;
				ENABLE_PREVIEWS = YES;
				GENERATE_INFOPLIST_FILE = YES;
				INFOPLIST_KEY_UIApplicationSceneManifest_Generation = YES;
				INFOPLIST_KEY_UIApplicationSupportsIndirectInputEvents = YES;
				INFOPLIST_KEY_UILaunchScreen_Generation = YES;
				INFOPLIST_KEY_UISupportedInterfaceOrientations_iPad = "UIInterfaceOrientationPortrait UIInterfaceOrientationPortraitUpsideDown UIInterfaceOrientationLandscapeLeft UIInterfaceOrientationLandscapeRight";
				INFOPLIST_KEY_UISupportedInterfaceOrientations_iPhone = "UIInterfaceOrientationPortrait UIInterfaceOrientationLandscapeLeft UIInterfaceOrientationLandscapeRight";
				IPHONEOS_DEPLOYMENT_TARGET = 15.0;
				LD_RUNPATH_SEARCH_PATHS = (
					"$(inherited)",
					"@executable_path/Frameworks",
				);
				MARKETING_VERSION = 1.0;
				PRODUCT_BUNDLE_IDENTIFIER = "com.boardguy.SwiftUI-Pinch-Pan-Zoom-Gesture";
				PRODUCT_NAME = SwiftUI_Pinch_Pan_Zoom_Gesture;
				SDKROOT = iphoneos;
				SWIFT_EMIT_LOC_STRINGS = YES;
				SWIFT_VERSION = 5.0;
				TARGETED_DEVICE_FAMILY = "1,2";
			};
			name = Debug;
		};
		4088492A289968380080495E /* Release */ = {
			isa = XCBuildConfiguration;
			buildSettings = {
				ASSETCATALOG_COMPILER_APPICON_NAME = AppIcon;
				ASSETCATALOG_COMPILER_GLOBAL_ACCENT_COLOR_NAME = AccentColor;
				CODE_SIGN_STYLE = Automatic;
				CURRENT_PROJECT_VERSION = 1;
				DEVELOPMENT_TEAM = FRBYK4548E;
				ENABLE_PREVIEWS = YES;
				GENERATE_INFOPLIST_FILE = YES;
				INFOPLIST_KEY_UIApplicationSceneManifest_Generation = YES;
				INFOPLIST_KEY_UIApplicationSupportsIndirectInputEvents = YES;
				INFOPLIST_KEY_UILaunchScreen_Generation = YES;
				INFOPLIST_KEY_UISupportedInterfaceOrientations_iPad = "UIInterfaceOrientationPortrait UIInterfaceOrientationPortraitUpsideDown UIInterfaceOrientationLandscapeLeft UIInterfaceOrientationLandscapeRight";
				INFOPLIST_KEY_UISupportedInterfaceOrientations_iPhone = "UIInterfaceOrientationPortrait UIInterfaceOrientationLandscapeLeft UIInterfaceOrientationLandscapeRight";
				IPHONEOS_DEPLOYMENT_TARGET = 15.0;
				LD_RUNPATH_SEARCH_PATHS = (
					"$(inherited)",
					"@executable_path/Frameworks",
				);
				MARKETING_VERSION = 1.0;
				PRODUCT_BUNDLE_IDENTIFIER = "com.boardguy.SwiftUI-Pinch-Pan-Zoom-Gesture";
				PRODUCT_NAME = SwiftUI_Pinch_Pan_Zoom_Gesture;
				SDKROOT = iphoneos;
				SWIFT_EMIT_LOC_STRINGS = YES;
				SWIFT_VERSION = 5.0;
				TARGETED_DEVICE_FAMILY = "1,2";
				VALIDATE_PRODUCT = YES;
			};
			name = Release;
		};
		4088492C289968380080495E /* Debug */ = {
			isa = XCBuildConfiguration;
			buildSettings = {
				ASSETCATALOG_COMPILER_APPICON_NAME = AppIcon;
				ASSETCATALOG_COMPILER_GLOBAL_ACCENT_COLOR_NAME = AccentColor;
				CODE_SIGN_ENTITLEMENTS = macOS/macOS.entitlements;
				CODE_SIGN_STYLE = Automatic;
				COMBINE_HIDPI_IMAGES = YES;
				CURRENT_PROJECT_VERSION = 1;
				ENABLE_PREVIEWS = YES;
				GENERATE_INFOPLIST_FILE = YES;
				INFOPLIST_KEY_NSHumanReadableCopyright = "";
				LD_RUNPATH_SEARCH_PATHS = (
					"$(inherited)",
					"@executable_path/../Frameworks",
				);
				MACOSX_DEPLOYMENT_TARGET = 12.0;
				MARKETING_VERSION = 1.0;
				PRODUCT_BUNDLE_IDENTIFIER = "com.boardguy.SwiftUI-Pinch-Pan-Zoom-Gesture";
				PRODUCT_NAME = SwiftUI_Pinch_Pan_Zoom_Gesture;
				SDKROOT = macosx;
				SWIFT_EMIT_LOC_STRINGS = YES;
				SWIFT_VERSION = 5.0;
			};
			name = Debug;
		};
		4088492D289968380080495E /* Release */ = {
			isa = XCBuildConfiguration;
			buildSettings = {
				ASSETCATALOG_COMPILER_APPICON_NAME = AppIcon;
				ASSETCATALOG_COMPILER_GLOBAL_ACCENT_COLOR_NAME = AccentColor;
				CODE_SIGN_ENTITLEMENTS = macOS/macOS.entitlements;
				CODE_SIGN_STYLE = Automatic;
				COMBINE_HIDPI_IMAGES = YES;
				CURRENT_PROJECT_VERSION = 1;
				ENABLE_PREVIEWS = YES;
				GENERATE_INFOPLIST_FILE = YES;
				INFOPLIST_KEY_NSHumanReadableCopyright = "";
				LD_RUNPATH_SEARCH_PATHS = (
					"$(inherited)",
					"@executable_path/../Frameworks",
				);
				MACOSX_DEPLOYMENT_TARGET = 12.0;
				MARKETING_VERSION = 1.0;
				PRODUCT_BUNDLE_IDENTIFIER = "com.boardguy.SwiftUI-Pinch-Pan-Zoom-Gesture";
				PRODUCT_NAME = SwiftUI_Pinch_Pan_Zoom_Gesture;
				SDKROOT = macosx;
				SWIFT_EMIT_LOC_STRINGS = YES;
				SWIFT_VERSION = 5.0;
			};
			name = Release;
		};
		4088492F289968380080495E /* Debug */ = {
			isa = XCBuildConfiguration;
			buildSettings = {
				ALWAYS_EMBED_SWIFT_STANDARD_LIBRARIES = YES;
				CODE_SIGN_STYLE = Automatic;
				CURRENT_PROJECT_VERSION = 1;
				GENERATE_INFOPLIST_FILE = YES;
				IPHONEOS_DEPLOYMENT_TARGET = 15.0;
				LD_RUNPATH_SEARCH_PATHS = (
					"$(inherited)",
					"@executable_path/Frameworks",
					"@loader_path/Frameworks",
				);
				MARKETING_VERSION = 1.0;
				PRODUCT_BUNDLE_IDENTIFIER = "com.boardguy.Tests-iOS";
				PRODUCT_NAME = "$(TARGET_NAME)";
				SDKROOT = iphoneos;
				SWIFT_EMIT_LOC_STRINGS = NO;
				SWIFT_VERSION = 5.0;
				TARGETED_DEVICE_FAMILY = "1,2";
				TEST_TARGET_NAME = "SwiftUI_Pinch_Pan_Zoom_Gesture (iOS)";
			};
			name = Debug;
		};
		40884930289968380080495E /* Release */ = {
			isa = XCBuildConfiguration;
			buildSettings = {
				ALWAYS_EMBED_SWIFT_STANDARD_LIBRARIES = YES;
				CODE_SIGN_STYLE = Automatic;
				CURRENT_PROJECT_VERSION = 1;
				GENERATE_INFOPLIST_FILE = YES;
				IPHONEOS_DEPLOYMENT_TARGET = 15.0;
				LD_RUNPATH_SEARCH_PATHS = (
					"$(inherited)",
					"@executable_path/Frameworks",
					"@loader_path/Frameworks",
				);
				MARKETING_VERSION = 1.0;
				PRODUCT_BUNDLE_IDENTIFIER = "com.boardguy.Tests-iOS";
				PRODUCT_NAME = "$(TARGET_NAME)";
				SDKROOT = iphoneos;
				SWIFT_EMIT_LOC_STRINGS = NO;
				SWIFT_VERSION = 5.0;
				TARGETED_DEVICE_FAMILY = "1,2";
				TEST_TARGET_NAME = "SwiftUI_Pinch_Pan_Zoom_Gesture (iOS)";
				VALIDATE_PRODUCT = YES;
			};
			name = Release;
		};
		40884932289968380080495E /* Debug */ = {
			isa = XCBuildConfiguration;
			buildSettings = {
				ALWAYS_EMBED_SWIFT_STANDARD_LIBRARIES = YES;
				CODE_SIGN_STYLE = Automatic;
				COMBINE_HIDPI_IMAGES = YES;
				CURRENT_PROJECT_VERSION = 1;
				GENERATE_INFOPLIST_FILE = YES;
				LD_RUNPATH_SEARCH_PATHS = (
					"$(inherited)",
					"@executable_path/../Frameworks",
					"@loader_path/../Frameworks",
				);
				MACOSX_DEPLOYMENT_TARGET = 12.0;
				MARKETING_VERSION = 1.0;
				PRODUCT_BUNDLE_IDENTIFIER = "com.boardguy.Tests-macOS";
				PRODUCT_NAME = "$(TARGET_NAME)";
				SDKROOT = macosx;
				SWIFT_EMIT_LOC_STRINGS = NO;
				SWIFT_VERSION = 5.0;
				TEST_TARGET_NAME = "SwiftUI_Pinch_Pan_Zoom_Gesture (macOS)";
			};
			name = Debug;
		};
		40884933289968380080495E /* Release */ = {
			isa = XCBuildConfiguration;
			buildSettings = {
				ALWAYS_EMBED_SWIFT_STANDARD_LIBRARIES = YES;
				CODE_SIGN_STYLE = Automatic;
				COMBINE_HIDPI_IMAGES = YES;
				CURRENT_PROJECT_VERSION = 1;
				GENERATE_INFOPLIST_FILE = YES;
				LD_RUNPATH_SEARCH_PATHS = (
					"$(inherited)",
					"@executable_path/../Frameworks",
					"@loader_path/../Frameworks",
				);
				MACOSX_DEPLOYMENT_TARGET = 12.0;
				MARKETING_VERSION = 1.0;
				PRODUCT_BUNDLE_IDENTIFIER = "com.boardguy.Tests-macOS";
				PRODUCT_NAME = "$(TARGET_NAME)";
				SDKROOT = macosx;
				SWIFT_EMIT_LOC_STRINGS = NO;
				SWIFT_VERSION = 5.0;
				TEST_TARGET_NAME = "SwiftUI_Pinch_Pan_Zoom_Gesture (macOS)";
			};
			name = Release;
		};
/* End XCBuildConfiguration section */

/* Begin XCConfigurationList section */
		408848F6289968370080495E /* Build configuration list for PBXProject "SwiftUI_Pinch_Pan_Zoom_Gesture" */ = {
			isa = XCConfigurationList;
			buildConfigurations = (
				40884926289968380080495E /* Debug */,
				40884927289968380080495E /* Release */,
			);
			defaultConfigurationIsVisible = 0;
			defaultConfigurationName = Release;
		};
		40884928289968380080495E /* Build configuration list for PBXNativeTarget "SwiftUI_Pinch_Pan_Zoom_Gesture (iOS)" */ = {
			isa = XCConfigurationList;
			buildConfigurations = (
				40884929289968380080495E /* Debug */,
				4088492A289968380080495E /* Release */,
			);
			defaultConfigurationIsVisible = 0;
			defaultConfigurationName = Release;
		};
		4088492B289968380080495E /* Build configuration list for PBXNativeTarget "SwiftUI_Pinch_Pan_Zoom_Gesture (macOS)" */ = {
			isa = XCConfigurationList;
			buildConfigurations = (
				4088492C289968380080495E /* Debug */,
				4088492D289968380080495E /* Release */,
			);
			defaultConfigurationIsVisible = 0;
			defaultConfigurationName = Release;
		};
		4088492E289968380080495E /* Build configuration list for PBXNativeTarget "Tests iOS" */ = {
			isa = XCConfigurationList;
			buildConfigurations = (
				4088492F289968380080495E /* Debug */,
				40884930289968380080495E /* Release */,
			);
			defaultConfigurationIsVisible = 0;
			defaultConfigurationName = Release;
		};
		40884931289968380080495E /* Build configuration list for PBXNativeTarget "Tests macOS" */ = {
			isa = XCConfigurationList;
			buildConfigurations = (
				40884932289968380080495E /* Debug */,
				40884933289968380080495E /* Release */,
			);
			defaultConfigurationIsVisible = 0;
			defaultConfigurationName = Release;
		};
/* End XCConfigurationList section */
	};
	rootObject = 408848F3289968370080495E /* Project object */;
}
